version = 1
revision = 3
requires-python = ">=3.11, <4"

[[package]]
name = "asttokens"
version = "3.0.1"
source = { registry = "https://pypi.org/simple" }
sdist = { url = "https://files.pythonhosted.org/packages/be/a5/8e3f9b6771b0b408517c82d97aed8f2036509bc247d46114925e32fe33f0/asttokens-3.0.1.tar.gz", hash = "sha256:71a4ee5de0bde6a31d64f6b13f2293ac190344478f081c3d1bccfcf5eacb0cb7", size = 62308, upload-time = "2025-11-15T16:43:48.578Z" }
wheels = [
    { url = "https://files.pythonhosted.org/packages/d2/39/e7eaf1799466a4aef85b6a4fe7bd175ad2b1c6345066aa33f1f58d4b18d0/asttokens-3.0.1-py3-none-any.whl", hash = "sha256:15a3ebc0f43c2d0a50eeafea25e19046c68398e487b9f1f5b517f7c0f40f976a", size = 27047, upload-time = "2025-11-15T16:43:16.109Z" },
]

[[package]]
name = "cbor2"
version = "5.9.0"
source = { registry = "https://pypi.org/simple" }
sdist = { url = "https://files.pythonhosted.org/packages/bd/cb/09939728be094d155b5d4ac262e39877875f5f7e36eea66beb359f647bd0/cbor2-5.9.0.tar.gz", hash = "sha256:85c7a46279ac8f226e1059275221e6b3d0e370d2bb6bd0500f9780781615bcea", size = 111231, upload-time = "2026-03-22T15:56:50.638Z" }
wheels = [
    { url = "https://files.pythonhosted.org/packages/43/aa/317c7118b8dda4c9563125c1a12c70c5b41e36677964a49c72b1aac061ec/cbor2-5.9.0-cp311-cp311-macosx_11_0_arm64.whl", hash = "sha256:0485d3372fc832c5e16d4eb45fa1a20fc53e806e6c29a1d2b0d3e176cedd52b9", size = 70578, upload-time = "2026-03-22T15:56:03.835Z" },
    { url = "https://files.pythonhosted.org/packages/31/43/fe29b1f897770011a5e7497f4523c2712282ee4a6cbf775ea6383fb7afb9/cbor2-5.9.0-cp311-cp311-manylinux2014_aarch64.manylinux_2_17_aarch64.manylinux_2_28_aarch64.whl", hash = "sha256:a9d6e4e0f988b0e766509a8071975a8ee99f930e14a524620bf38083106158d2", size = 268738, upload-time = "2026-03-22T15:56:05.222Z" },
    { url = "https://files.pythonhosted.org/packages/0a/1a/e494568f3d8aafbcdfe361df44c3bcf5cdab5183e25ea08e3d3f9fcf4075/cbor2-5.9.0-cp311-cp311-manylinux2014_x86_64.manylinux_2_17_x86_64.manylinux_2_28_x86_64.whl", hash = "sha256:5326336f633cc89dfe543c78829c16c3a6449c2c03277d1ddba99086c3323363", size = 262571, upload-time = "2026-03-22T15:56:06.411Z" },
    { url = "https://files.pythonhosted.org/packages/42/2e/92acd6f87382fd44a34d9d7e85cc45372e6ba664040b72d1d9df648b25d0/cbor2-5.9.0-cp311-cp311-musllinux_1_2_aarch64.whl", hash = "sha256:5e702b02d42a5ace45425b595ffe70fe35aebaf9a3cdfdc2c758b6189c744422", size = 262356, upload-time = "2026-03-22T15:56:08.236Z" },
    { url = "https://files.pythonhosted.org/packages/3f/68/52c039a28688baeeb78b0be7483855e6c66ea05884a937444deede0c87b8/cbor2-5.9.0-cp311-cp311-musllinux_1_2_x86_64.whl", hash = "sha256:2372d357d403e7912f104ff085950ffc82a5854d6d717f1ca1ce16a40a0ef5a7", size = 257604, upload-time = "2026-03-22T15:56:09.835Z" },
    { url = "https://files.pythonhosted.org/packages/5b/e4/10d96a7f73ed9227090ce6e3df5d73329eb6a267dab7d5b989e6fbf6c504/cbor2-5.9.0-cp311-cp311-win_amd64.whl", hash = "sha256:1d02b65f070fd726bdc310d927228975bb655d155bf059b6eb7cacefb3dca86f", size = 69388, upload-time = "2026-03-22T15:56:11.28Z" },
    { url = "https://files.pythonhosted.org/packages/d4/c6/eea5829aa5a649db540f47ea35f4bf2313383d28246f0cbc50432cfad6b3/cbor2-5.9.0-cp311-cp311-win_arm64.whl", hash = "sha256:837754ece9052b3f607047e1741e5f852a538aa2b0ee3db11c82a8fa11804aa4", size = 65315, upload-time = "2026-03-22T15:56:12.326Z" },
    { url = "https://files.pythonhosted.org/packages/ee/39/72d8a5a4b06565561ec28f4fcb41aff7bb77f51705c01f00b8254a2aca4f/cbor2-5.9.0-cp312-cp312-macosx_11_0_arm64.whl", hash = "sha256:1f223dffb1bcdd2764665f04c1152943d9daa4bc124a576cd8dee1cad4264313", size = 71223, upload-time = "2026-03-22T15:56:13.68Z" },
    { url = "https://files.pythonhosted.org/packages/09/fd/7ddf3d3153b54c69c3be77172b8d9aa3a9d74f62a7fbde614d53eaeed9a4/cbor2-5.9.0-cp312-cp312-manylinux2014_aarch64.manylinux_2_17_aarch64.manylinux_2_28_aarch64.whl", hash = "sha256:ae6c706ac1d85a0b3cb3395308fd0c4d55e3202b4760773675957e93cdff45fc", size = 287865, upload-time = "2026-03-22T15:56:14.813Z" },
    { url = "https://files.pythonhosted.org/packages/db/9d/7ede2cc42f9bb4260492e7d29d2aab781eacbbcfb09d983de1e695077199/cbor2-5.9.0-cp312-cp312-manylinux2014_x86_64.manylinux_2_17_x86_64.manylinux_2_28_x86_64.whl", hash = "sha256:4cd43d8fc374b31643b2830910f28177a606a7bc84975a62675dd3f2e320fc7b", size = 288246, upload-time = "2026-03-22T15:56:16.113Z" },
    { url = "https://files.pythonhosted.org/packages/ce/9d/588ebc7c5bc5843f609b05fe07be8575c7dec987735b0bbc908ac9c1264a/cbor2-5.9.0-cp312-cp312-musllinux_1_2_aarch64.whl", hash = "sha256:4aa07b392cc3d76fb31c08a46a226b58c320d1c172ff3073e864409ced7bc50f", size = 280214, upload-time = "2026-03-22T15:56:17.519Z" },
    { url = "https://files.pythonhosted.org/packages/f7/a1/6fc8f4b15c6a27e7fbb7966c30c2b4b18c274a3221fa2f5e6235502d34bc/cbor2-5.9.0-cp312-cp312-musllinux_1_2_x86_64.whl", hash = "sha256:971d425b3a23b75953d8853d5f9911bdeefa09d759ee3b5e6b07b5ff3cbd9073", size = 282162, upload-time = "2026-03-22T15:56:18.975Z" },
    { url = "https://files.pythonhosted.org/packages/cf/20/9a22cfe08be16ddfeef2542cf4eeed1b29f3f57ddbba0b42f7e0bb8331fd/cbor2-5.9.0-cp312-cp312-win_amd64.whl", hash = "sha256:34a6cb15e6ab6a8eae94ad2041731cd3ef786af43a8df99f847969af5b902ee7", size = 70049, upload-time = "2026-03-22T15:56:20.502Z" },
    { url = "https://files.pythonhosted.org/packages/c6/9e/695f92d09006614034e25a9f5b10620f3b219f79c1bec3c37b7c6f27a7a9/cbor2-5.9.0-cp312-cp312-win_arm64.whl", hash = "sha256:7d1ddc4541e7367ac58c2470cc0df847f7137167fe4f5729e2d3cc0b993d7da4", size = 65382, upload-time = "2026-03-22T15:56:21.526Z" },
    { url = "https://files.pythonhosted.org/packages/81/c5/4901e21a8afe9448fd947b11e8f383903207cd6dd0800e5f5a386838de5b/cbor2-5.9.0-cp313-cp313-macosx_11_0_arm64.whl", hash = "sha256:fbb06f34aa645b4deca66643bba3d400d20c15312d1fe88d429be60c1ab50f27", size = 71284, upload-time = "2026-03-22T15:56:22.836Z" },
    { url = "https://files.pythonhosted.org/packages/1b/10/df643a381aebc3f05486de4813662bc58accb640fc3275cb276a75e89694/cbor2-5.9.0-cp313-cp313-manylinux2014_aarch64.manylinux_2_17_aarch64.manylinux_2_28_aarch64.whl", hash = "sha256:ac684fe195c39821fca70d18afbf748f728aefbfbf88456018d299e559b8cae0", size = 287682, upload-time = "2026-03-22T15:56:24.024Z" },
    { url = "https://files.pythonhosted.org/packages/c6/0c/8aa6b766059ae4a0ca1ec3ff96fe3823a69a7be880dba2e249f7fbe2700b/cbor2-5.9.0-cp313-cp313-manylinux2014_x86_64.manylinux_2_17_x86_64.manylinux_2_28_x86_64.whl", hash = "sha256:2a54fbb32cb828c214f7f333a707e4aec61182e7efdc06ea5d9596d3ecee624a", size = 288009, upload-time = "2026-03-22T15:56:25.305Z" },
    { url = "https://files.pythonhosted.org/packages/74/07/6236bc25c183a9cf7e8062e5dddf9eae9b0b14ebf14a58a69fe5a1e872c6/cbor2-5.9.0-cp313-cp313-musllinux_1_2_aarch64.whl", hash = "sha256:4753a6d1bc71054d9179557bc65740860f185095ccb401d46637fff028a5b3ec", size = 280437, upload-time = "2026-03-22T15:56:26.479Z" },
    { url = "https://files.pythonhosted.org/packages/4e/0a/84328d23c3c68874ac6497edb9b1900579a1028efa54734df3f1762bbc15/cbor2-5.9.0-cp313-cp313-musllinux_1_2_x86_64.whl", hash = "sha256:380e534482b843e43442b87d8777a7bf9bed20cb7526f89b780c3400f617304b", size = 282247, upload-time = "2026-03-22T15:56:28.644Z" },
    { url = "https://files.pythonhosted.org/packages/9b/f6/89b4627e09d028c8e5fcaf7cb55f225c33ce6e037ec1844e65d02bcfa945/cbor2-5.9.0-cp313-cp313-win_amd64.whl", hash = "sha256:dcf0f695873e5c94bd072d6af8698e72b8fb7f7a18f37e0bced1041b7111a6cf", size = 70089, upload-time = "2026-03-22T15:56:29.801Z" },
    { url = "https://files.pythonhosted.org/packages/e2/7c/efadcd5f0102db692490e4e206988a2f98d39a09912090db497a2b800885/cbor2-5.9.0-cp313-cp313-win_arm64.whl", hash = "sha256:f7c9751a9611601ab326d8f5837f01379195bbf06175fb4effeb552140e7c9e8", size = 65466, upload-time = "2026-03-22T15:56:30.823Z" },
    { url = "https://files.pythonhosted.org/packages/08/7d/9ccc36d10ef96e6038e48046ebe1ce35a1e7814da0e1e204d09e6ef09b8d/cbor2-5.9.0-cp314-cp314-macosx_11_0_arm64.whl", hash = "sha256:23606d31ba1368bd1b6602e3020ee88fe9523ca80e8630faf6b2fc904fd84560", size = 71500, upload-time = "2026-03-22T15:56:31.876Z" },
    { url = "https://files.pythonhosted.org/packages/70/e1/a6cca2cc72e13f00030c6a649f57ae703eb2c620806ab70c40db8eab33fa/cbor2-5.9.0-cp314-cp314-manylinux2014_aarch64.manylinux_2_17_aarch64.manylinux_2_28_aarch64.whl", hash = "sha256:0322296b9d52f55880e300ba8ba09ecf644303b99b51138bbb1c0fb644fa7c3e", size = 286953, upload-time = "2026-03-22T15:56:33.292Z" },
    { url = "https://files.pythonhosted.org/packages/08/3c/24cd5ef488a957d90e016f200a3aad820e4c2f85edd61c9fe4523007a1ee/cbor2-5.9.0-cp314-cp314-manylinux2014_x86_64.manylinux_2_17_x86_64.manylinux_2_28_x86_64.whl", hash = "sha256:422817286c1d0ce947fb2f7eca9212b39bddd7231e8b452e2d2cc52f15332dba", size = 285454, upload-time = "2026-03-22T15:56:34.703Z" },
    { url = "https://files.pythonhosted.org/packages/a4/35/dca96818494c0ba47cdd73e8d809b27fa91f8fa0ce32a068a09237687454/cbor2-5.9.0-cp314-cp314-musllinux_1_2_aarch64.whl", hash = "sha256:9a4907e0c3035bb8836116854ed8e56d8aef23909d601fa59706320897ec2551", size = 279441, upload-time = "2026-03-22T15:56:35.888Z" },
    { url = "https://files.pythonhosted.org/packages/a4/44/d3362378b16e53cf7e535a3f5aed8476e2109068154e24e31981ef5bde9e/cbor2-5.9.0-cp314-cp314-musllinux_1_2_x86_64.whl", hash = "sha256:fb7afe77f8d269e42d7c4b515c6fd14f1ccc0625379fb6829b269f493d16eddd", size = 279673, upload-time = "2026-03-22T15:56:37.08Z" },
    { url = "https://files.pythonhosted.org/packages/43/d1/3533a697e5842fff7c2f64912eb251f8dcab3a8b5d88e228d6eebc3b5021/cbor2-5.9.0-cp314-cp314-win_amd64.whl", hash = "sha256:86baf870d4c0bfc6f79de3801f3860a84ab76d9c8b0abb7f081f2c14c38d79d3", size = 71940, upload-time = "2026-03-22T15:56:38.366Z" },
    { url = "https://files.pythonhosted.org/packages/ff/e2/c6ba75f3fb25dfa15ab6999cc8709c821987e9ed8e375d7f58539261bcb9/cbor2-5.9.0-cp314-cp314-win_arm64.whl", hash = "sha256:7221483fad0c63afa4244624d552abf89d7dfdbc5f5edfc56fc1ff2b4b818975", size = 67639, upload-time = "2026-03-22T15:56:39.39Z" },
    { url = "https://files.pythonhosted.org/packages/42/ff/b83492b096fbef26e9cb62c1a4bf2d3cef579ea7b33138c6c37c4ae66f67/cbor2-5.9.0-py3-none-any.whl", hash = "sha256:27695cbd70c90b8de5c4a284642c2836449b14e2c2e07e3ffe0744cb7669a01b", size = 24627, upload-time = "2026-03-22T15:56:48.847Z" },
]

[[package]]
name = "click"
version = "8.1.3"
source = { registry = "https://pypi.org/simple" }
dependencies = [
    { name = "colorama", marker = "sys_platform == 'win32'" },
]
sdist = { url = "https://files.pythonhosted.org/packages/59/87/84326af34517fca8c58418d148f2403df25303e02736832403587318e9e8/click-8.1.3.tar.gz", hash = "sha256:7682dc8afb30297001674575ea00d1814d808d6a36af415a82bd481d37ba7b8e", size = 331147, upload-time = "2022-04-28T17:36:09.097Z" }
wheels = [
    { url = "https://files.pythonhosted.org/packages/c2/f1/df59e28c642d583f7dacffb1e0965d0e00b218e0186d7858ac5233dce840/click-8.1.3-py3-none-any.whl", hash = "sha256:bb4d8133cb15a609f44e8213d9b391b0809795062913b383c62be0ee95b1db48", size = 96588, upload-time = "2022-04-28T17:36:06.952Z" },
]

[[package]]
name = "colorama"
version = "0.4.6"
source = { registry = "https://pypi.org/simple" }
sdist = { url = "https://files.pythonhosted.org/packages/d8/53/6f443c9a4a8358a93a6792e2acffb9d9d5cb0a5cfd8802644b7b1c9a02e4/colorama-0.4.6.tar.gz", hash = "sha256:08695f5cb7ed6e0531a20572697297273c47b8cae5a63ffc6d6ed5c201be6e44", size = 27697, upload-time = "2022-10-25T02:36:22.414Z" }
wheels = [
    { url = "https://files.pythonhosted.org/packages/d1/d6/3965ed04c63042e047cb6a3e6ed1a63a35087b6a609aa3a15ed8ac56c221/colorama-0.4.6-py2.py3-none-any.whl", hash = "sha256:4f1d9991f5acc0ca119f9d443620b77f9d6b33703e51011c16baf57afb285fc6", size = 25335, upload-time = "2022-10-25T02:36:20.889Z" },
]

[[package]]
name = "immutables"
version = "0.21"
source = { registry = "https://pypi.org/simple" }
sdist = { url = "https://files.pythonhosted.org/packages/69/41/0ccaa6ef9943c0609ec5aa663a3b3e681c1712c1007147b84590cec706a0/immutables-0.21.tar.gz", hash = "sha256:b55ffaf0449790242feb4c56ab799ea7af92801a0a43f9e2f4f8af2ab24dfc4a", size = 89008, upload-time = "2024-10-10T00:55:01.434Z" }
wheels = [
    { url = "https://files.pythonhosted.org/packages/85/39/2d7d54f6cf33f6fcb3f78e985142166d2ec6ff93be761a17dfee31a372cd/immutables-0.21-cp311-cp311-macosx_10_9_x86_64.whl", hash = "sha256:5d780c38067047911a2e06a86ba063ba0055618ab5573c8198ef3f368e321303", size = 31227, upload-time = "2024-10-10T00:54:09.884Z" },
    { url = "https://files.pythonhosted.org/packages/ca/4b/260f632d0fb83b8cdabb0c1fc14657a9bdead456f3399c4eb5a0c0697989/immutables-0.21-cp311-cp311-macosx_11_0_arm64.whl", hash = "sha256:9aab9d0f0016f6e0bfe7e4a4cb831ef20063da6468b1bbc71d06ef285781ee9e", size = 31081, upload-time = "2024-10-10T00:54:11.325Z" },
    { url = "https://files.pythonhosted.org/packages/d2/8d/0f4a1d10fac2700874680dad4d1d7b0d0bf31225cb21f3a804d085bfb603/immutables-0.21-cp311-cp311-manylinux_2_17_aarch64.manylinux2014_aarch64.whl", hash = "sha256:7ff83390b05d3372acb9a0c928f6cc20c78e74ca20ed88eb941f84a63b65e444", size = 99334, upload-time = "2024-10-10T00:54:12.229Z" },
    { url = "https://files.pythonhosted.org/packages/ca/fc/20f4a5d5fcd4d17b46027d7d542190f5084f3d74abc6bdc2c0fab4d3deb3/immutables-0.21-cp311-cp311-manylinux_2_5_x86_64.manylinux1_x86_64.manylinux_2_17_x86_64.manylinux2014_x86_64.whl", hash = "sha256:d01497713e71509c4481ffccdbe3a47b94969345f4e92f814d6626f7c0a4c304", size = 99511, upload-time = "2024-10-10T00:54:13.202Z" },
    { url = "https://files.pythonhosted.org/packages/7e/52/f929eaee4b247b1b71823d784734e51761685d6e69d7ad000459c3f2b84d/immutables-0.21-cp311-cp311-musllinux_1_2_aarch64.whl", hash = "sha256:bc7844c9fbb5bece5bfdf2bf8ea74d308f42f40b0665fd25c58abf56d7db024a", size = 97474, upload-time = "2024-10-10T00:54:14.961Z" },
    { url = "https://files.pythonhosted.org/packages/85/b1/690aeaa4acc1db13e8356888bc929c8d0c9363c1409ffd8ab74d65d8c49c/immutables-0.21-cp311-cp311-musllinux_1_2_x86_64.whl", hash = "sha256:984106fa4345efd9f96de22e9949fc97bac8598bdebee03c20b2497a88bff3b7", size = 97940, upload-time = "2024-10-10T00:54:15.957Z" },
    { url = "https://files.pythonhosted.org/packages/dd/de/78bd53b69ee99e034c2b69f46063abf600f81417f28de6120d430f523c98/immutables-0.21-cp311-cp311-win32.whl", hash = "sha256:1bdb5200518518601377e4877d5034e7c535e9ea8a9d601ed8b0eedef0c7becd", size = 30503, upload-time = "2024-10-10T00:54:16.891Z" },
    { url = "https://files.pythonhosted.org/packages/1f/20/999ecf398412c9ad174da083c6ffea56d027ef62cf892f695b43210c4721/immutables-0.21-cp311-cp311-win_amd64.whl", hash = "sha256:dd00c34f431c54c95e7b84bfdbdeacb4f039a6a24eb0c1f7aa4b168bb9a6ad0a", size = 34395, upload-time = "2024-10-10T00:54:18.481Z" },
    { url = "https://files.pythonhosted.org/packages/4d/f9/0c46f600702b815182212453f5514c0070ee168b817cdf7c3767554c8489/immutables-0.21-cp312-cp312-macosx_10_13_x86_64.whl", hash = "sha256:ef1ed262094b755903122c3c3a83ad0e0d5c3ab7887cda12b2fe878769d1ee0d", size = 31885, upload-time = "2024-10-10T00:54:19.406Z" },
    { url = "https://files.pythonhosted.org/packages/29/34/7608d2eab6179aa47e8f59ab0fbd5b3eeb2333d78c9dc2da0de8de4ed322/immutables-0.21-cp312-cp312-macosx_11_0_arm64.whl", hash = "sha256:ce604f81d9d8f26e60b52ebcb56bb5c0462c8ea50fb17868487d15f048a2f13e", size = 31537, upload-time = "2024-10-10T00:54:20.998Z" },
    { url = "https://files.pythonhosted.org/packages/f7/52/cb9e2bb7a69338155ffabbd2f993c968c750dd2d5c6c6eaa6ebb7bfcbdfa/immutables-0.21-cp312-cp312-manylinux_2_17_aarch64.manylinux2014_aarch64.whl", hash = "sha256:b48b116aaca4500398058b5a87814857a60c4cb09417fecc12d7da0f5639b73d", size = 104270, upload-time = "2024-10-10T00:54:21.912Z" },
    { url = "https://files.pythonhosted.org/packages/0f/a4/25df835a9b9b372a4a869a8a1ac30a32199f2b3f581ad0e249f7e3d19eed/immutables-0.21-cp312-cp312-manylinux_2_5_x86_64.manylinux1_x86_64.manylinux_2_17_x86_64.manylinux2014_x86_64.whl", hash = "sha256:dad7c0c74b285cc0e555ec0e97acbdc6f1862fcd16b99abd612df3243732e741", size = 104864, upload-time = "2024-10-10T00:54:22.956Z" },
    { url = "https://files.pythonhosted.org/packages/4a/51/b548fbc657134d658e179ee8d201ae82d9049aba5c3cb2d858ed2ecb7e3f/immutables-0.21-cp312-cp312-musllinux_1_2_aarch64.whl", hash = "sha256:e44346e2221a5a676c880ca8e0e6429fa24d1a4ae562573f5c04d7f2e759b030", size = 99733, upload-time = "2024-10-10T00:54:23.99Z" },
    { url = "https://files.pythonhosted.org/packages/47/db/d7b1e0e88faf07fe9a88579a86f58078a9a37fff871f4b3dbcf28cad9a12/immutables-0.21-cp312-cp312-musllinux_1_2_x86_64.whl", hash = "sha256:8b10139b529a460e53fe8be699ebd848c54c8a33ebe67763bcfcc809a475a26f", size = 101698, upload-time = "2024-10-10T00:54:25.734Z" },
    { url = "https://files.pythonhosted.org/packages/69/2d/6fe42a1a053dd8cfb9f45e91d5246522637c7287dc6bd347f67aedf7aedb/immutables-0.21-cp312-cp312-win32.whl", hash = "sha256:fc512d808662614feb17d2d92e98f611d69669a98c7af15910acf1dc72737038", size = 30977, upload-time = "2024-10-10T00:54:27.436Z" },
    { url = "https://files.pythonhosted.org/packages/63/45/d062aca6971e99454ce3ae42a7430037227fee961644ed1f8b6c9b99e0a5/immutables-0.21-cp312-cp312-win_amd64.whl", hash = "sha256:461dcb0f58a131045155e52a2c43de6ec2fe5ba19bdced6858a3abb63cee5111", size = 35088, upload-time = "2024-10-10T00:54:28.388Z" },
    { url = "https://files.pythonhosted.org/packages/5e/db/60da6f5a3c3f64e0b3940c4ad86e1971d9d2eb8b13a179c26eda5ec6a298/immutables-0.21-cp313-cp313-macosx_10_13_x86_64.whl", hash = "sha256:79674b51aa8dd983f9ac55f7f67b433b1df84a6b4f28ab860588389a5659485b", size = 31922, upload-time = "2024-10-10T00:54:29.305Z" },
    { url = "https://files.pythonhosted.org/packages/9b/89/5420f1d16a652024fcccc9c07d46d4157fcaf33ff37c82412c83fc16ef36/immutables-0.21-cp313-cp313-macosx_11_0_arm64.whl", hash = "sha256:93c8350f8f7d0d9693f708229d9d0578e6f3b785ce6da4bced1da97137aacfad", size = 31552, upload-time = "2024-10-10T00:54:30.282Z" },
    { url = "https://files.pythonhosted.org/packages/d2/d0/a5fb7c164ddb298ec37537e618b70dfa30c7cae9fac01de374c36489cbc9/immutables-0.21-cp313-cp313-manylinux_2_17_aarch64.manylinux2014_aarch64.whl", hash = "sha256:583d2a63e444ce1538cc2bda56ae1f4a1a11473dbc0377c82b516bc7eec3b81e", size = 104334, upload-time = "2024-10-10T00:54:31.284Z" },
    { url = "https://files.pythonhosted.org/packages/f3/a5/5fda0ee4a261a85124011ac0750fec678f00e1b2d4a5502b149a3b4d86d9/immutables-0.21-cp313-cp313-manylinux_2_5_x86_64.manylinux1_x86_64.manylinux_2_17_x86_64.manylinux2014_x86_64.whl", hash = "sha256:b274a52da9b106db55eceb93fc1aea858c4e6f4740189e3548e38613eafc2021", size = 104898, upload-time = "2024-10-10T00:54:32.295Z" },
    { url = "https://files.pythonhosted.org/packages/93/fa/d46bfe92f2c66d35916344176ff87fa839aac9c16849652947e722b7a15f/immutables-0.21-cp313-cp313-musllinux_1_2_aarch64.whl", hash = "sha256:338bede057250b33716a3e4892e15df0bf5a5ddbf1d67ead996b3e680b49ef9e", size = 99966, upload-time = "2024-10-10T00:54:34.046Z" },
    { url = "https://files.pythonhosted.org/packages/d7/f5/2a19e2e095f7a39d8d77dcc10669734d2d99773ce00c99bdcfeeb7d714e6/immutables-0.21-cp313-cp313-musllinux_1_2_x86_64.whl", hash = "sha256:8781c89583b68f604cf30f0978b722165824c3075888639fde771bf1a3e12dc0", size = 101773, upload-time = "2024-10-10T00:54:35.851Z" },
    { url = "https://files.pythonhosted.org/packages/86/80/5b6ee53f836cf2067ced997efbf2ce20890627f150c3089ea50cf607e783/immutables-0.21-cp313-cp313-win32.whl", hash = "sha256:e97ea83befad873712f283c0cccd630f70cba753e207b4868af28d5b85e9dc54", size = 30988, upload-time = "2024-10-10T00:54:37.618Z" },
    { url = "https://files.pythonhosted.org/packages/ff/07/f623e6da78368fc0b1772f4877afbf60f34c4cc93f1a8f1006507afa21ec/immutables-0.21-cp313-cp313-win_amd64.whl", hash = "sha256:cfcb23bd898f5a4ef88692b42c51f52ca7373a35ba4dcc215060a668639eb5da", size = 35147, upload-time = "2024-10-10T00:54:38.558Z" },
]

[[package]]
name = "lark"
version = "1.3.1"
source = { registry = "https://pypi.org/simple" }
sdist = { url = "https://files.pythonhosted.org/packages/da/34/28fff3ab31ccff1fd4f6c7c7b0ceb2b6968d8ea4950663eadcb5720591a0/lark-1.3.1.tar.gz", hash = "sha256:b426a7a6d6d53189d318f2b6236ab5d6429eaf09259f1ca33eb716eed10d2905", size = 382732, upload-time = "2025-10-27T18:25:56.653Z" }
wheels = [
    { url = "https://files.pythonhosted.org/packages/82/3d/14ce75ef66813643812f3093ab17e46d3a206942ce7376d31ec2d36229e7/lark-1.3.1-py3-none-any.whl", hash = "sha256:c629b661023a014c37da873b4ff58a817398d12635d3bbb2c5a03be7fe5d1e12", size = 113151, upload-time = "2025-10-27T18:25:54.882Z" },
]

[[package]]
name = "mamushi"
version = "0.1.0"
source = { registry = "https://pypi.org/simple" }
dependencies = [
    { name = "click" },
    { name = "lark" },
    { name = "mypy-extensions" },
    { name = "pathspec" },
]
sdist = { url = "https://files.pythonhosted.org/packages/50/0c/ffc9868dd8e644044cb67be9f51f49c1c904ab17d079d6b5775b372c5224/mamushi-0.1.0.tar.gz", hash = "sha256:2762ccd85d53ab16806604b957fe8d205b43995343149fc5bd1dd58cf30ec65a", size = 47248, upload-time = "2025-12-10T13:57:11.421Z" }
wheels = [
    { url = "https://files.pythonhosted.org/packages/27/57/d12e24abfcbd3de4773025278b68070d6243505e814b6cf7c5203fdbeb55/mamushi-0.1.0-py3-none-any.whl", hash = "sha256:6add1da3678ce36b39e28f098bf4a6cbb0d05f7de112f6766cd56958bec41083", size = 49606, upload-time = "2025-12-10T13:57:07.92Z" },
]

[[package]]
name = "mypy-extensions"
version = "1.1.0"
source = { registry = "https://pypi.org/simple" }
sdist = { url = "https://files.pythonhosted.org/packages/a2/6e/371856a3fb9d31ca8dac321cda606860fa4548858c0cc45d9d1d4ca2628b/mypy_extensions-1.1.0.tar.gz", hash = "sha256:52e68efc3284861e772bbcd66823fde5ae21fd2fdb51c62a211403730b916558", size = 6343, upload-time = "2025-04-22T14:54:24.164Z" }
wheels = [
    { url = "https://files.pythonhosted.org/packages/79/7b/2c79738432f5c924bef5071f933bcc9efd0473bac3b4aa584a6f7c1c8df8/mypy_extensions-1.1.0-py3-none-any.whl", hash = "sha256:1be4cccdb0f2482337c4743e60421de3a356cd97508abadd57d47403e94f5505", size = 4963, upload-time = "2025-04-22T14:54:22.983Z" },
]

[[package]]
name = "packaging"
version = "26.2"
source = { registry = "https://pypi.org/simple" }
sdist = { url = "https://files.pythonhosted.org/packages/d7/f1/e7a6dd94a8d4a5626c03e4e99c87f241ba9e350cd9e6d75123f992427270/packaging-26.2.tar.gz", hash = "sha256:ff452ff5a3e828ce110190feff1178bb1f2ea2281fa2075aadb987c2fb221661", size = 228134, upload-time = "2026-04-24T20:15:23.917Z" }
wheels = [
    { url = "https://files.pythonhosted.org/packages/df/b2/87e62e8c3e2f4b32e5fe99e0b86d576da1312593b39f47d8ceef365e95ed/packaging-26.2-py3-none-any.whl", hash = "sha256:5fc45236b9446107ff2415ce77c807cee2862cb6fac22b8a73826d0693b0980e", size = 100195, upload-time = "2026-04-24T20:15:22.081Z" },
]

[[package]]
name = "pathspec"
version = "1.0.4"
source = { registry = "https://pypi.org/simple" }
sdist = { url = "https://files.pythonhosted.org/packages/fa/36/e27608899f9b8d4dff0617b2d9ab17ca5608956ca44461ac14ac48b44015/pathspec-1.0.4.tar.gz", hash = "sha256:0210e2ae8a21a9137c0d470578cb0e595af87edaa6ebf12ff176f14a02e0e645", size = 131200, upload-time = "2026-01-27T03:59:46.938Z" }
wheels = [
    { url = "https://files.pythonhosted.org/packages/ef/3c/2c197d226f9ea224a9ab8d197933f9da0ae0aac5b6e0f884e2b8d9c8e9f7/pathspec-1.0.4-py3-none-any.whl", hash = "sha256:fb6ae2fd4e7c921a165808a552060e722767cfa526f99ca5156ed2ce45a5c723", size = 55206, upload-time = "2026-01-27T03:59:45.137Z" },
]

[[package]]
name = "pycryptodome"
version = "3.23.0"
source = { registry = "https://pypi.org/simple" }
sdist = { url = "https://files.pythonhosted.org/packages/8e/a6/8452177684d5e906854776276ddd34eca30d1b1e15aa1ee9cefc289a33f5/pycryptodome-3.23.0.tar.gz", hash = "sha256:447700a657182d60338bab09fdb27518f8856aecd80ae4c6bdddb67ff5da44ef", size = 4921276, upload-time = "2025-05-17T17:21:45.242Z" }
wheels = [
    { url = "https://files.pythonhosted.org/packages/04/5d/bdb09489b63cd34a976cc9e2a8d938114f7a53a74d3dd4f125ffa49dce82/pycryptodome-3.23.0-cp313-cp313t-macosx_10_13_universal2.whl", hash = "sha256:0011f7f00cdb74879142011f95133274741778abba114ceca229adbf8e62c3e4", size = 2495152, upload-time = "2025-05-17T17:20:20.833Z" },
    { url = "https://files.pythonhosted.org/packages/a7/ce/7840250ed4cc0039c433cd41715536f926d6e86ce84e904068eb3244b6a6/pycryptodome-3.23.0-cp313-cp313t-macosx_10_13_x86_64.whl", hash = "sha256:90460fc9e088ce095f9ee8356722d4f10f86e5be06e2354230a9880b9c549aae", size = 1639348, upload-time = "2025-05-17T17:20:23.171Z" },
    { url = "https://files.pythonhosted.org/packages/ee/f0/991da24c55c1f688d6a3b5a11940567353f74590734ee4a64294834ae472/pycryptodome-3.23.0-cp313-cp313t-manylinux_2_17_aarch64.manylinux2014_aarch64.whl", hash = "sha256:4764e64b269fc83b00f682c47443c2e6e85b18273712b98aa43bcb77f8570477", size = 2184033, upload-time = "2025-05-17T17:20:25.424Z" },
    { url = "https://files.pythonhosted.org/packages/54/16/0e11882deddf00f68b68dd4e8e442ddc30641f31afeb2bc25588124ac8de/pycryptodome-3.23.0-cp313-cp313t-manylinux_2_17_x86_64.manylinux2014_x86_64.whl", hash = "sha256:eb8f24adb74984aa0e5d07a2368ad95276cf38051fe2dc6605cbcf482e04f2a7", size = 2270142, upload-time = "2025-05-17T17:20:27.808Z" },
    { url = "https://files.pythonhosted.org/packages/d5/fc/4347fea23a3f95ffb931f383ff28b3f7b1fe868739182cb76718c0da86a1/pycryptodome-3.23.0-cp313-cp313t-manylinux_2_5_i686.manylinux1_i686.manylinux_2_17_i686.manylinux2014_i686.whl", hash = "sha256:d97618c9c6684a97ef7637ba43bdf6663a2e2e77efe0f863cce97a76af396446", size = 2309384, upload-time = "2025-05-17T17:20:30.765Z" },
    { url = "https://files.pythonhosted.org/packages/6e/d9/c5261780b69ce66d8cfab25d2797bd6e82ba0241804694cd48be41add5eb/pycryptodome-3.23.0-cp313-cp313t-musllinux_1_2_aarch64.whl", hash = "sha256:9a53a4fe5cb075075d515797d6ce2f56772ea7e6a1e5e4b96cf78a14bac3d265", size = 2183237, upload-time = "2025-05-17T17:20:33.736Z" },
    { url = "https://files.pythonhosted.org/packages/5a/6f/3af2ffedd5cfa08c631f89452c6648c4d779e7772dfc388c77c920ca6bbf/pycryptodome-3.23.0-cp313-cp313t-musllinux_1_2_i686.whl", hash = "sha256:763d1d74f56f031788e5d307029caef067febf890cd1f8bf61183ae142f1a77b", size = 2343898, upload-time = "2025-05-17T17:20:36.086Z" },
    { url = "https://files.pythonhosted.org/packages/9a/dc/9060d807039ee5de6e2f260f72f3d70ac213993a804f5e67e0a73a56dd2f/pycryptodome-3.23.0-cp313-cp313t-musllinux_1_2_x86_64.whl", hash = "sha256:954af0e2bd7cea83ce72243b14e4fb518b18f0c1649b576d114973e2073b273d", size = 2269197, upload-time = "2025-05-17T17:20:38.414Z" },
    { url = "https://files.pythonhosted.org/packages/f9/34/e6c8ca177cb29dcc4967fef73f5de445912f93bd0343c9c33c8e5bf8cde8/pycryptodome-3.23.0-cp313-cp313t-win32.whl", hash = "sha256:257bb3572c63ad8ba40b89f6fc9d63a2a628e9f9708d31ee26560925ebe0210a", size = 1768600, upload-time = "2025-05-17T17:20:40.688Z" },
    { url = "https://files.pythonhosted.org/packages/e4/1d/89756b8d7ff623ad0160f4539da571d1f594d21ee6d68be130a6eccb39a4/pycryptodome-3.23.0-cp313-cp313t-win_amd64.whl", hash = "sha256:6501790c5b62a29fcb227bd6b62012181d886a767ce9ed03b303d1f22eb5c625", size = 1799740, upload-time = "2025-05-17T17:20:42.413Z" },
    { url = "https://files.pythonhosted.org/packages/5d/61/35a64f0feaea9fd07f0d91209e7be91726eb48c0f1bfc6720647194071e4/pycryptodome-3.23.0-cp313-cp313t-win_arm64.whl", hash = "sha256:9a77627a330ab23ca43b48b130e202582e91cc69619947840ea4d2d1be21eb39", size = 1703685, upload-time = "2025-05-17T17:20:44.388Z" },
    { url = "https://files.pythonhosted.org/packages/db/6c/a1f71542c969912bb0e106f64f60a56cc1f0fabecf9396f45accbe63fa68/pycryptodome-3.23.0-cp37-abi3-macosx_10_9_universal2.whl", hash = "sha256:187058ab80b3281b1de11c2e6842a357a1f71b42cb1e15bce373f3d238135c27", size = 2495627, upload-time = "2025-05-17T17:20:47.139Z" },
    { url = "https://files.pythonhosted.org/packages/6e/4e/a066527e079fc5002390c8acdd3aca431e6ea0a50ffd7201551175b47323/pycryptodome-3.23.0-cp37-abi3-macosx_10_9_x86_64.whl", hash = "sha256:cfb5cd445280c5b0a4e6187a7ce8de5a07b5f3f897f235caa11f1f435f182843", size = 1640362, upload-time = "2025-05-17T17:20:50.392Z" },
    { url = "https://files.pythonhosted.org/packages/50/52/adaf4c8c100a8c49d2bd058e5b551f73dfd8cb89eb4911e25a0c469b6b4e/pycryptodome-3.23.0-cp37-abi3-manylinux_2_17_aarch64.manylinux2014_aarch64.whl", hash = "sha256:67bd81fcbe34f43ad9422ee8fd4843c8e7198dd88dd3d40e6de42ee65fbe1490", size = 2182625, upload-time = "2025-05-17T17:20:52.866Z" },
    { url = "https://files.pythonhosted.org/packages/5f/e9/a09476d436d0ff1402ac3867d933c61805ec2326c6ea557aeeac3825604e/pycryptodome-3.23.0-cp37-abi3-manylinux_2_17_x86_64.manylinux2014_x86_64.whl", hash = "sha256:c8987bd3307a39bc03df5c8e0e3d8be0c4c3518b7f044b0f4c15d1aa78f52575", size = 2268954, upload-time = "2025-05-17T17:20:55.027Z" },
    { url = "https://files.pythonhosted.org/packages/f9/c5/ffe6474e0c551d54cab931918127c46d70cab8f114e0c2b5a3c071c2f484/pycryptodome-3.23.0-cp37-abi3-manylinux_2_5_i686.manylinux1_i686.manylinux_2_17_i686.manylinux2014_i686.whl", hash = "sha256:aa0698f65e5b570426fc31b8162ed4603b0c2841cbb9088e2b01641e3065915b", size = 2308534, upload-time = "2025-05-17T17:20:57.279Z" },
    { url = "https://files.pythonhosted.org/packages/18/28/e199677fc15ecf43010f2463fde4c1a53015d1fe95fb03bca2890836603a/pycryptodome-3.23.0-cp37-abi3-musllinux_1_2_aarch64.whl", hash = "sha256:53ecbafc2b55353edcebd64bf5da94a2a2cdf5090a6915bcca6eca6cc452585a", size = 2181853, upload-time = "2025-05-17T17:20:59.322Z" },
    { url = "https://files.pythonhosted.org/packages/ce/ea/4fdb09f2165ce1365c9eaefef36625583371ee514db58dc9b65d3a255c4c/pycryptodome-3.23.0-cp37-abi3-musllinux_1_2_i686.whl", hash = "sha256:156df9667ad9f2ad26255926524e1c136d6664b741547deb0a86a9acf5ea631f", size = 2342465, upload-time = "2025-05-17T17:21:03.83Z" },
    { url = "https://files.pythonhosted.org/packages/22/82/6edc3fc42fe9284aead511394bac167693fb2b0e0395b28b8bedaa07ef04/pycryptodome-3.23.0-cp37-abi3-musllinux_1_2_x86_64.whl", hash = "sha256:dea827b4d55ee390dc89b2afe5927d4308a8b538ae91d9c6f7a5090f397af1aa", size = 2267414, upload-time = "2025-05-17T17:21:06.72Z" },
    { url = "https://files.pythonhosted.org/packages/59/fe/aae679b64363eb78326c7fdc9d06ec3de18bac68be4b612fc1fe8902693c/pycryptodome-3.23.0-cp37-abi3-win32.whl", hash = "sha256:507dbead45474b62b2bbe318eb1c4c8ee641077532067fec9c1aa82c31f84886", size = 1768484, upload-time = "2025-05-17T17:21:08.535Z" },
    { url = "https://files.pythonhosted.org/packages/54/2f/e97a1b8294db0daaa87012c24a7bb714147c7ade7656973fd6c736b484ff/pycryptodome-3.23.0-cp37-abi3-win_amd64.whl", hash = "sha256:c75b52aacc6c0c260f204cbdd834f76edc9fb0d8e0da9fbf8352ef58202564e2", size = 1799636, upload-time = "2025-05-17T17:21:10.393Z" },
    { url = "https://files.pythonhosted.org/packages/18/3d/f9441a0d798bf2b1e645adc3265e55706aead1255ccdad3856dbdcffec14/pycryptodome-3.23.0-cp37-abi3-win_arm64.whl", hash = "sha256:11eeeb6917903876f134b56ba11abe95c0b0fd5e3330def218083c7d98bbcb3c", size = 1703675, upload-time = "2025-05-17T17:21:13.146Z" },
]

[[package]]
name = "vyper"
version = "0.4.3"
source = { registry = "https://pypi.org/simple" }
dependencies = [
    { name = "asttokens" },
    { name = "cbor2" },
    { name = "immutables" },
    { name = "lark" },
    { name = "packaging" },
    { name = "pycryptodome" },
    { name = "wheel" },
]
sdist = { url = "https://files.pythonhosted.org/packages/79/d5/958145eb2f88b95a2f3d43785e41dcdc2ab5a01af5d88199248dbed33774/vyper-0.4.3.tar.gz", hash = "sha256:22a7573657401d8a3bc690d65d6b7741680007180978c3a05f9892db31d5dcf5", size = 877634, upload-time = "2025-06-18T20:09:54.022Z" }
wheels = [
    { url = "https://files.pythonhosted.org/packages/f3/45/ad3c7d78aaa3e50d229968bc39eaf193f9b8eee79b5f16a3bed8f35e1395/vyper-0.4.3-py3-none-any.whl", hash = "sha256:3b9671727c888363740dc678e60336759871487d0e4e9fdd973048fa9635c4fd", size = 403104, upload-time = "2025-06-18T20:09:52.4Z" },
]

[[package]]
name = "vyper-foundry-starter"
version = "0.1.0"
source = { virtual = "." }
dependencies = [
    { name = "mamushi" },
    { name = "vyper" },
]

[package.metadata]
requires-dist = [
    { name = "mamushi", specifier = ">=0.1.0" },
    { name = "vyper", specifier = "==0.4.3" },
]

[[package]]
name = "wheel"
version = "0.47.0"
source = { registry = "https://pypi.org/simple" }
dependencies = [
    { name = "packaging" },
]
sdist = { url = "https://files.pythonhosted.org/packages/39/62/75f18a0f03b4219c456652c7780e4d749b929eb605c098ce3a5b6b6bc081/wheel-0.47.0.tar.gz", hash = "sha256:cc72bd1009ba0cf63922e28f94d9d83b920aa2bb28f798a31d0691b02fa3c9b3", size = 63854, upload-time = "2026-04-22T15:51:27.727Z" }
wheels = [
    { url = "https://files.pythonhosted.org/packages/87/1b/9e33c09813d65e248f7f773119148a612516a4bea93e9c6f545f78455b7c/wheel-0.47.0-py3-none-any.whl", hash = "sha256:212281cab4dff978f6cedd499cd893e1f620791ca6ff7107cf270781e587eced", size = 32218, upload-time = "2026-04-22T15:51:26.296Z" },
]
